// !$*UTF8*$!
{
	archiveVersion = 1;
	classes = {
	};
	objectVersion = 56;
	objects = {

/* Begin PBXBuildFile section */
		4114B36829E422CC0004BDE2 /* HalfModal in Frameworks */ = {isa = PBXBuildFile; productRef = 4114B36729E422CC0004BDE2 /* HalfModal */; };
		4114B36A29E423340004BDE2 /* TryActionSheets.swift in Sources */ = {isa = PBXBuildFile; fileRef = 4114B36929E423340004BDE2 /* TryActionSheets.swift */; };
		4147CE1529D4301B00FBF986 /* WSTrainingApp.swift in Sources */ = {isa = PBXBuildFile; fileRef = 4147CE1429D4301B00FBF986 /* WSTrainingApp.swift */; };
		4147CE1929D4301C00FBF986 /* Assets.xcassets in Resources */ = {isa = PBXBuildFile; fileRef = 4147CE1829D4301C00FBF986 /* Assets.xcassets */; };
		4147CE1C29D4301C00FBF986 /* Preview Assets.xcassets in Resources */ = {isa = PBXBuildFile; fileRef = 4147CE1B29D4301C00FBF986 /* Preview Assets.xcassets */; };
		4147CE2729D4326E00FBF986 /* LaunchScreen.storyboard in Resources */ = {isa = PBXBuildFile; fileRef = 4147CE2629D4326E00FBF986 /* LaunchScreen.storyboard */; };
		4147CE2929D4339900FBF986 /* PageModel.swift in Sources */ = {isa = PBXBuildFile; fileRef = 4147CE2829D4339900FBF986 /* PageModel.swift */; };
		4147CE2B29D435C000FBF986 /* PageView.swift in Sources */ = {isa = PBXBuildFile; fileRef = 4147CE2A29D435C000FBF986 /* PageView.swift */; };
		4147CE2D29D43B2500FBF986 /* HowToUse.swift in Sources */ = {isa = PBXBuildFile; fileRef = 4147CE2C29D43B2500FBF986 /* HowToUse.swift */; };
		41DB01D729DD5DD10019E69D /* Email.swift in Sources */ = {isa = PBXBuildFile; fileRef = 41DB01D629DD5DD10019E69D /* Email.swift */; };
		41DB01D929DD6A220019E69D /* EmailVM.swift in Sources */ = {isa = PBXBuildFile; fileRef = 41DB01D829DD6A220019E69D /* EmailVM.swift */; };
		41DB01DC29DD6A4C0019E69D /* Alamofire in Frameworks */ = {isa = PBXBuildFile; productRef = 41DB01DB29DD6A4C0019E69D /* Alamofire */; };
		41DB01DF29DD6A5B0019E69D /* SwiftyJSON in Frameworks */ = {isa = PBXBuildFile; productRef = 41DB01DE29DD6A5B0019E69D /* SwiftyJSON */; };
		41F73FBE29DED286002DC99C /* Code.swift in Sources */ = {isa = PBXBuildFile; fileRef = 41F73FBD29DED286002DC99C /* Code.swift */; };
		41F73FC029DFF269002DC99C /* Password.swift in Sources */ = {isa = PBXBuildFile; fileRef = 41F73FBF29DFF269002DC99C /* Password.swift */; };
		41F73FC229E17474002DC99C /* REG.swift in Sources */ = {isa = PBXBuildFile; fileRef = 41F73FC129E17474002DC99C /* REG.swift */; };
		41F73FC529E3F2FD002DC99C /* SDWebImageSwiftUI in Frameworks */ = {isa = PBXBuildFile; productRef = 41F73FC429E3F2FD002DC99C /* SDWebImageSwiftUI */; };
		41F73FC729E3F30E002DC99C /* Main.swift in Sources */ = {isa = PBXBuildFile; fileRef = 41F73FC629E3F30E002DC99C /* Main.swift */; };
		41F73FC929E3FA2C002DC99C /* MainVM.swift in Sources */ = {isa = PBXBuildFile; fileRef = 41F73FC829E3FA2C002DC99C /* MainVM.swift */; };
		5F65B6BD2338D62ED08A33EE /* Pods_WSTraining.framework in Frameworks */ = {isa = PBXBuildFile; fileRef = CA97F44A5DC14EF3A35E3144 /* Pods_WSTraining.framework */; };
/* End PBXBuildFile section */

/* Begin PBXFileReference section */
		4114B36929E423340004BDE2 /* TryActionSheets.swift */ = {isa = PBXFileReference; lastKnownFileType = sourcecode.swift; path = TryActionSheets.swift; sourceTree = "<group>"; };
		4147CE1129D4301B00FBF986 /* WSTraining.app */ = {isa = PBXFileReference; explicitFileType = wrapper.application; includeInIndex = 0; path = WSTraining.app; sourceTree = BUILT_PRODUCTS_DIR; };
		4147CE1429D4301B00FBF986 /* WSTrainingApp.swift */ = {isa = PBXFileReference; lastKnownFileType = sourcecode.swift; path = WSTrainingApp.swift; sourceTree = "<group>"; };
		4147CE1829D4301C00FBF986 /* Assets.xcassets */ = {isa = PBXFileReference; lastKnownFileType = folder.assetcatalog; path = Assets.xcassets; sourceTree = "<group>"; };
		4147CE1B29D4301C00FBF986 /* Preview Assets.xcassets */ = {isa = PBXFileReference; lastKnownFileType = folder.assetcatalog; path = "Preview Assets.xcassets"; sourceTree = "<group>"; };
		4147CE2629D4326E00FBF986 /* LaunchScreen.storyboard */ = {isa = PBXFileReference; lastKnownFileType = file.storyboard; path = LaunchScreen.storyboard; sourceTree = "<group>"; };
		4147CE2829D4339900FBF986 /* PageModel.swift */ = {isa = PBXFileReference; lastKnownFileType = sourcecode.swift; path = PageModel.swift; sourceTree = "<group>"; };
		4147CE2A29D435C000FBF986 /* PageView.swift */ = {isa = PBXFileReference; lastKnownFileType = sourcecode.swift; path = PageView.swift; sourceTree = "<group>"; };
		4147CE2C29D43B2500FBF986 /* HowToUse.swift */ = {isa = PBXFileReference; lastKnownFileType = sourcecode.swift; path = HowToUse.swift; sourceTree = "<group>"; };
		41DB01D629DD5DD10019E69D /* Email.swift */ = {isa = PBXFileReference; lastKnownFileType = sourcecode.swift; path = Email.swift; sourceTree = "<group>"; };
		41DB01D829DD6A220019E69D /* EmailVM.swift */ = {isa = PBXFileReference; lastKnownFileType = sourcecode.swift; path = EmailVM.swift; sourceTree = "<group>"; };
		41F73FBD29DED286002DC99C /* Code.swift */ = {isa = PBXFileReference; fileEncoding = 4; lastKnownFileType = sourcecode.swift; name = Code.swift; path = ../../../../.Trash/Code.swift; sourceTree = "<group>"; };
		41F73FBF29DFF269002DC99C /* Password.swift */ = {isa = PBXFileReference; lastKnownFileType = sourcecode.swift; path = Password.swift; sourceTree = "<group>"; };
		41F73FC129E17474002DC99C /* REG.swift */ = {isa = PBXFileReference; lastKnownFileType = sourcecode.swift; path = REG.swift; sourceTree = "<group>"; };
		41F73FC629E3F30E002DC99C /* Main.swift */ = {isa = PBXFileReference; lastKnownFileType = sourcecode.swift; path = Main.swift; sourceTree = "<group>"; };
		41F73FC829E3FA2C002DC99C /* MainVM.swift */ = {isa = PBXFileReference; lastKnownFileType = sourcecode.swift; path = MainVM.swift; sourceTree = "<group>"; };
		4E5BEA38F71D7434E4B2830E /* Pods-WSTraining.debug.xcconfig */ = {isa = PBXFileReference; includeInIndex = 1; lastKnownFileType = text.xcconfig; name = "Pods-WSTraining.debug.xcconfig"; path = "Target Support Files/Pods-WSTraining/Pods-WSTraining.debug.xcconfig"; sourceTree = "<group>"; };
		B0FE2077339B945DB3D16E0D /* Pods-WSTraining.release.xcconfig */ = {isa = PBXFileReference; includeInIndex = 1; lastKnownFileType = text.xcconfig; name = "Pods-WSTraining.release.xcconfig"; path = "Target Support Files/Pods-WSTraining/Pods-WSTraining.release.xcconfig"; sourceTree = "<group>"; };
		CA97F44A5DC14EF3A35E3144 /* Pods_WSTraining.framework */ = {isa = PBXFileReference; explicitFileType = wrapper.framework; includeInIndex = 0; path = Pods_WSTraining.framework; sourceTree = BUILT_PRODUCTS_DIR; };
/* End PBXFileReference section */

/* Begin PBXFrameworksBuildPhase section */
		4147CE0E29D4301B00FBF986 /* Frameworks */ = {
			isa = PBXFrameworksBuildPhase;
			buildActionMask = 2147483647;
			files = (
				41F73FC529E3F2FD002DC99C /* SDWebImageSwiftUI in Frameworks */,
				4114B36829E422CC0004BDE2 /* HalfModal in Frameworks */,
				41DB01DF29DD6A5B0019E69D /* SwiftyJSON in Frameworks */,
				5F65B6BD2338D62ED08A33EE /* Pods_WSTraining.framework in Frameworks */,
				41DB01DC29DD6A4C0019E69D /* Alamofire in Frameworks */,
			);
			runOnlyForDeploymentPostprocessing = 0;
		};
/* End PBXFrameworksBuildPhase section */

/* Begin PBXGroup section */
		4147CE0829D4301B00FBF986 = {
			isa = PBXGroup;
			children = (
				4147CE1329D4301B00FBF986 /* WSTraining */,
				4147CE1229D4301B00FBF986 /* Products */,
				5F4C1D502D8AC9DDDE591253 /* Pods */,
				74DFE27857450CC16E1B6CB1 /* Frameworks */,
			);
			sourceTree = "<group>";
		};
		4147CE1229D4301B00FBF986 /* Products */ = {
			isa = PBXGroup;
			children = (
				4147CE1129D4301B00FBF986 /* WSTraining.app */,
			);
			name = Products;
			sourceTree = "<group>";
		};
		4147CE1329D4301B00FBF986 /* WSTraining */ = {
			isa = PBXGroup;
			children = (
				4147CE2529D4303900FBF986 /* Model */,
				4147CE2429D4302F00FBF986 /* Viewmodel */,
				4147CE2329D4302B00FBF986 /* View */,
				4147CE2229D4302100FBF986 /* Resources */,
				4147CE1A29D4301C00FBF986 /* Preview Content */,
			);
			path = WSTraining;
			sourceTree = "<group>";
		};
		4147CE1A29D4301C00FBF986 /* Preview Content */ = {
			isa = PBXGroup;
			children = (
				4147CE1B29D4301C00FBF986 /* Preview Assets.xcassets */,
			);
			path = "Preview Content";
			sourceTree = "<group>";
		};
		4147CE2229D4302100FBF986 /* Resources */ = {
			isa = PBXGroup;
			children = (
				4147CE1829D4301C00FBF986 /* Assets.xcassets */,
				4147CE1429D4301B00FBF986 /* WSTrainingApp.swift */,
				4147CE2629D4326E00FBF986 /* LaunchScreen.storyboard */,
			);
			path = Resources;
			sourceTree = "<group>";
		};
		4147CE2329D4302B00FBF986 /* View */ = {
			isa = PBXGroup;
			children = (
				41F73FBD29DED286002DC99C /* Code.swift */,
				4147CE2A29D435C000FBF986 /* PageView.swift */,
				4147CE2C29D43B2500FBF986 /* HowToUse.swift */,
				41DB01D629DD5DD10019E69D /* Email.swift */,
				41F73FBF29DFF269002DC99C /* Password.swift */,
				41F73FC129E17474002DC99C /* REG.swift */,
				41F73FC629E3F30E002DC99C /* Main.swift */,
				4114B36929E423340004BDE2 /* TryActionSheets.swift */,
			);
			path = View;
			sourceTree = "<group>";
		};
		4147CE2429D4302F00FBF986 /* Viewmodel */ = {
			isa = PBXGroup;
			children = (
				41DB01D829DD6A220019E69D /* EmailVM.swift */,
				41F73FC829E3FA2C002DC99C /* MainVM.swift */,
			);
			path = Viewmodel;
			sourceTree = "<group>";
		};
		4147CE2529D4303900FBF986 /* Model */ = {
			isa = PBXGroup;
			children = (
				4147CE2829D4339900FBF986 /* PageModel.swift */,
			);
			path = Model;
			sourceTree = "<group>";
		};
		5F4C1D502D8AC9DDDE591253 /* Pods */ = {
			isa = PBXGroup;
			children = (
				4E5BEA38F71D7434E4B2830E /* Pods-WSTraining.debug.xcconfig */,
				B0FE2077339B945DB3D16E0D /* Pods-WSTraining.release.xcconfig */,
			);
			path = Pods;
			sourceTree = "<group>";
		};
		74DFE27857450CC16E1B6CB1 /* Frameworks */ = {
			isa = PBXGroup;
			children = (
				CA97F44A5DC14EF3A35E3144 /* Pods_WSTraining.framework */,
			);
			name = Frameworks;
			sourceTree = "<group>";
		};
/* End PBXGroup section */

/* Begin PBXNativeTarget section */
		4147CE1029D4301B00FBF986 /* WSTraining */ = {
			isa = PBXNativeTarget;
			buildConfigurationList = 4147CE1F29D4301C00FBF986 /* Build configuration list for PBXNativeTarget "WSTraining" */;
			buildPhases = (
				E9D5FDDA030DD6FB8C89A5F2 /* [CP] Check Pods Manifest.lock */,
				4147CE0D29D4301B00FBF986 /* Sources */,
				4147CE0E29D4301B00FBF986 /* Frameworks */,
				4147CE0F29D4301B00FBF986 /* Resources */,
				221E46C7050F9E82915A0983 /* [CP] Embed Pods Frameworks */,
			);
			buildRules = (
			);
			dependencies = (
			);
			name = WSTraining;
			packageProductDependencies = (
				41DB01DB29DD6A4C0019E69D /* Alamofire */,
				41DB01DE29DD6A5B0019E69D /* SwiftyJSON */,
				41F73FC429E3F2FD002DC99C /* SDWebImageSwiftUI */,
				4114B36729E422CC0004BDE2 /* HalfModal */,
			);
			productName = WSTraining;
			productReference = 4147CE1129D4301B00FBF986 /* WSTraining.app */;
			productType = "com.apple.product-type.application";
		};
/* End PBXNativeTarget section */

/* Begin PBXProject section */
		4147CE0929D4301B00FBF986 /* Project object */ = {
			isa = PBXProject;
			attributes = {
				BuildIndependentTargetsInParallel = 1;
				LastSwiftUpdateCheck = 1420;
				LastUpgradeCheck = 1420;
				TargetAttributes = {
					4147CE1029D4301B00FBF986 = {
						CreatedOnToolsVersion = 14.2;
					};
				};
			};
			buildConfigurationList = 4147CE0C29D4301B00FBF986 /* Build configuration list for PBXProject "WSTraining" */;
			compatibilityVersion = "Xcode 14.0";
			developmentRegion = en;
			hasScannedForEncodings = 0;
			knownRegions = (
				en,
				Base,
			);
			mainGroup = 4147CE0829D4301B00FBF986;
			packageReferences = (
				41DB01DA29DD6A4C0019E69D /* XCRemoteSwiftPackageReference "Alamofire" */,
				41DB01DD29DD6A5B0019E69D /* XCRemoteSwiftPackageReference "SwiftyJSON" */,
				41F73FC329E3F2FD002DC99C /* XCRemoteSwiftPackageReference "SDWebImageSwiftUI" */,
				4114B36629E422CC0004BDE2 /* XCRemoteSwiftPackageReference "HalfModal" */,
			);
			productRefGroup = 4147CE1229D4301B00FBF986 /* Products */;
			projectDirPath = "";
			projectRoot = "";
			targets = (
				4147CE1029D4301B00FBF986 /* WSTraining */,
			);
		};
/* End PBXProject section */

/* Begin PBXResourcesBuildPhase section */
		4147CE0F29D4301B00FBF986 /* Resources */ = {
			isa = PBXResourcesBuildPhase;
			buildActionMask = 2147483647;
			files = (
				4147CE2729D4326E00FBF986 /* LaunchScreen.storyboard in Resources */,
				4147CE1C29D4301C00FBF986 /* Preview Assets.xcassets in Resources */,
				4147CE1929D4301C00FBF986 /* Assets.xcassets in Resources */,
			);
			runOnlyForDeploymentPostprocessing = 0;
		};
/* End PBXResourcesBuildPhase section */

/* Begin PBXShellScriptBuildPhase section */
		221E46C7050F9E82915A0983 /* [CP] Embed Pods Frameworks */ = {
			isa = PBXShellScriptBuildPhase;
			buildActionMask = 2147483647;
			files = (
			);
			inputFileListPaths = (
				"${PODS_ROOT}/Target Support Files/Pods-WSTraining/Pods-WSTraining-frameworks-${CONFIGURATION}-input-files.xcfilelist",
			);
			name = "[CP] Embed Pods Frameworks";
			outputFileListPaths = (
				"${PODS_ROOT}/Target Support Files/Pods-WSTraining/Pods-WSTraining-frameworks-${CONFIGURATION}-output-files.xcfilelist",
			);
			runOnlyForDeploymentPostprocessing = 0;
			shellPath = /bin/sh;
			shellScript = "\"${PODS_ROOT}/Target Support Files/Pods-WSTraining/Pods-WSTraining-frameworks.sh\"\n";
			showEnvVarsInLog = 0;
		};
		E9D5FDDA030DD6FB8C89A5F2 /* [CP] Check Pods Manifest.lock */ = {
			isa = PBXShellScriptBuildPhase;
			buildActionMask = 2147483647;
			files = (
			);
			inputFileListPaths = (
			);
			inputPaths = (
				"${PODS_PODFILE_DIR_PATH}/Podfile.lock",
				"${PODS_ROOT}/Manifest.lock",
			);
			name = "[CP] Check Pods Manifest.lock";
			outputFileListPaths = (
			);
			outputPaths = (
				"$(DERIVED_FILE_DIR)/Pods-WSTraining-checkManifestLockResult.txt",
			);
			runOnlyForDeploymentPostprocessing = 0;
			shellPath = /bin/sh;
			shellScript = "diff \"${PODS_PODFILE_DIR_PATH}/Podfile.lock\" \"${PODS_ROOT}/Manifest.lock\" > /dev/null\nif [ $? != 0 ] ; then\n    # print error to STDERR\n    echo \"error: The sandbox is not in sync with the Podfile.lock. Run 'pod install' or update your CocoaPods installation.\" >&2\n    exit 1\nfi\n# This output is used by Xcode 'outputs' to avoid re-running this script phase.\necho \"SUCCESS\" > \"${SCRIPT_OUTPUT_FILE_0}\"\n";
			showEnvVarsInLog = 0;
		};
/* End PBXShellScriptBuildPhase section */

/* Begin PBXSourcesBuildPhase section */
		4147CE0D29D4301B00FBF986 /* Sources */ = {
			isa = PBXSourcesBuildPhase;
			buildActionMask = 2147483647;
			files = (
				41F73FC729E3F30E002DC99C /* Main.swift in Sources */,
				4114B36A29E423340004BDE2 /* TryActionSheets.swift in Sources */,
				4147CE2B29D435C000FBF986 /* PageView.swift in Sources */,
				41DB01D729DD5DD10019E69D /* Email.swift in Sources */,
				4147CE2D29D43B2500FBF986 /* HowToUse.swift in Sources */,
				41DB01D929DD6A220019E69D /* EmailVM.swift in Sources */,
				41F73FC029DFF269002DC99C /* Password.swift in Sources */,
				4147CE2929D4339900FBF986 /* PageModel.swift in Sources */,
				41F73FC929E3FA2C002DC99C /* MainVM.swift in Sources */,
				41F73FC229E17474002DC99C /* REG.swift in Sources */,
				41F73FBE29DED286002DC99C /* Code.swift in Sources */,
				4147CE1529D4301B00FBF986 /* WSTrainingApp.swift in Sources */,
			);
			runOnlyForDeploymentPostprocessing = 0;
		};
/* End PBXSourcesBuildPhase section */

/* Begin XCBuildConfiguration section */
		4147CE1D29D4301C00FBF986 /* Debug */ = {
			isa = XCBuildConfiguration;
			buildSettings = {
				ALWAYS_SEARCH_USER_PATHS = NO;
				CLANG_ANALYZER_NONNULL = YES;
				CLANG_ANALYZER_NUMBER_OBJECT_CONVERSION = YES_AGGRESSIVE;
				CLANG_CXX_LANGUAGE_STANDARD = "gnu++20";
				CLANG_ENABLE_MODULES = YES;
				CLANG_ENABLE_OBJC_ARC = YES;
				CLANG_ENABLE_OBJC_WEAK = YES;
				CLANG_WARN_BLOCK_CAPTURE_AUTORELEASING = YES;
				CLANG_WARN_BOOL_CONVERSION = YES;
				CLANG_WARN_COMMA = YES;
				CLANG_WARN_CONSTANT_CONVERSION = YES;
				CLANG_WARN_DEPRECATED_OBJC_IMPLEMENTATIONS = YES;
				CLANG_WARN_DIRECT_OBJC_ISA_USAGE = YES_ERROR;
				CLANG_WARN_DOCUMENTATION_COMMENTS = YES;
				CLANG_WARN_EMPTY_BODY = YES;
				CLANG_WARN_ENUM_CONVERSION = YES;
				CLANG_WARN_INFINITE_RECURSION = YES;
				CLANG_WARN_INT_CONVERSION = YES;
				CLANG_WARN_NON_LITERAL_NULL_CONVERSION = YES;
				CLANG_WARN_OBJC_IMPLICIT_RETAIN_SELF = YES;
				CLANG_WARN_OBJC_LITERAL_CONVERSION = YES;
				CLANG_WARN_OBJC_ROOT_CLASS = YES_ERROR;
				CLANG_WARN_QUOTED_INCLUDE_IN_FRAMEWORK_HEADER = YES;
				CLANG_WARN_RANGE_LOOP_ANALYSIS = YES;
				CLANG_WARN_STRICT_PROTOTYPES = YES;
				CLANG_WARN_SUSPICIOUS_MOVE = YES;
				CLANG_WARN_UNGUARDED_AVAILABILITY = YES_AGGRESSIVE;
				CLANG_WARN_UNREACHABLE_CODE = YES;
				CLANG_WARN__DUPLICATE_METHOD_MATCH = YES;
				COPY_PHASE_STRIP = NO;
				DEBUG_INFORMATION_FORMAT = dwarf;
				ENABLE_STRICT_OBJC_MSGSEND = YES;
				ENABLE_TESTABILITY = YES;
				GCC_C_LANGUAGE_STANDARD = gnu11;
				GCC_DYNAMIC_NO_PIC = NO;
				GCC_NO_COMMON_BLOCKS = YES;
				GCC_OPTIMIZATION_LEVEL = 0;
				GCC_PREPROCESSOR_DEFINITIONS = (
					"DEBUG=1",
					"$(inherited)",
				);
				GCC_WARN_64_TO_32_BIT_CONVERSION = YES;
				GCC_WARN_ABOUT_RETURN_TYPE = YES_ERROR;
				GCC_WARN_UNDECLARED_SELECTOR = YES;
				GCC_WARN_UNINITIALIZED_AUTOS = YES_AGGRESSIVE;
				GCC_WARN_UNUSED_FUNCTION = YES;
				GCC_WARN_UNUSED_VARIABLE = YES;
				IPHONEOS_DEPLOYMENT_TARGET = 14.0;
				MTL_ENABLE_DEBUG_INFO = INCLUDE_SOURCE;
				MTL_FAST_MATH = YES;
				ONLY_ACTIVE_ARCH = YES;
				SDKROOT = iphoneos;
				SWIFT_ACTIVE_COMPILATION_CONDITIONS = DEBUG;
				SWIFT_OPTIMIZATION_LEVEL = "-Onone";
			};
			name = Debug;
		};
		4147CE1E29D4301C00FBF986 /* Release */ = {
			isa = XCBuildConfiguration;
			buildSettings = {
				ALWAYS_SEARCH_USER_PATHS = NO;
				CLANG_ANALYZER_NONNULL = YES;
				CLANG_ANALYZER_NUMBER_OBJECT_CONVERSION = YES_AGGRESSIVE;
				CLANG_CXX_LANGUAGE_STANDARD = "gnu++20";
				CLANG_ENABLE_MODULES = YES;
				CLANG_ENABLE_OBJC_ARC = YES;
				CLANG_ENABLE_OBJC_WEAK = YES;
				CLANG_WARN_BLOCK_CAPTURE_AUTORELEASING = YES;
				CLANG_WARN_BOOL_CONVERSION = YES;
				CLANG_WARN_COMMA = YES;
				CLANG_WARN_CONSTANT_CONVERSION = YES;
				CLANG_WARN_DEPRECATED_OBJC_IMPLEMENTATIONS = YES;
				CLANG_WARN_DIRECT_OBJC_ISA_USAGE = YES_ERROR;
				CLANG_WARN_DOCUMENTATION_COMMENTS = YES;
				CLANG_WARN_EMPTY_BODY = YES;
				CLANG_WARN_ENUM_CONVERSION = YES;
				CLANG_WARN_INFINITE_RECURSION = YES;
				CLANG_WARN_INT_CONVERSION = YES;
				CLANG_WARN_NON_LITERAL_NULL_CONVERSION = YES;
				CLANG_WARN_OBJC_IMPLICIT_RETAIN_SELF = YES;
				CLANG_WARN_OBJC_LITERAL_CONVERSION = YES;
				CLANG_WARN_OBJC_ROOT_CLASS = YES_ERROR;
				CLANG_WARN_QUOTED_INCLUDE_IN_FRAMEWORK_HEADER = YES;
				CLANG_WARN_RANGE_LOOP_ANALYSIS = YES;
				CLANG_WARN_STRICT_PROTOTYPES = YES;
				CLANG_WARN_SUSPICIOUS_MOVE = YES;
				CLANG_WARN_UNGUARDED_AVAILABILITY = YES_AGGRESSIVE;
				CLANG_WARN_UNREACHABLE_CODE = YES;
				CLANG_WARN__DUPLICATE_METHOD_MATCH = YES;
				COPY_PHASE_STRIP = NO;
				DEBUG_INFORMATION_FORMAT = "dwarf-with-dsym";
				ENABLE_NS_ASSERTIONS = NO;
				ENABLE_STRICT_OBJC_MSGSEND = YES;
				GCC_C_LANGUAGE_STANDARD = gnu11;
				GCC_NO_COMMON_BLOCKS = YES;
				GCC_WARN_64_TO_32_BIT_CONVERSION = YES;
				GCC_WARN_ABOUT_RETURN_TYPE = YES_ERROR;
				GCC_WARN_UNDECLARED_SELECTOR = YES;
				GCC_WARN_UNINITIALIZED_AUTOS = YES_AGGRESSIVE;
				GCC_WARN_UNUSED_FUNCTION = YES;
				GCC_WARN_UNUSED_VARIABLE = YES;
				IPHONEOS_DEPLOYMENT_TARGET = 14.0;
				MTL_ENABLE_DEBUG_INFO = NO;
				MTL_FAST_MATH = YES;
				SDKROOT = iphoneos;
				SWIFT_COMPILATION_MODE = wholemodule;
				SWIFT_OPTIMIZATION_LEVEL = "-O";
				VALIDATE_PRODUCT = YES;
			};
			name = Release;
		};
		4147CE2029D4301C00FBF986 /* Debug */ = {
			isa = XCBuildConfiguration;
			baseConfigurationReference = 4E5BEA38F71D7434E4B2830E /* Pods-WSTraining.debug.xcconfig */;
			buildSettings = {
				ASSETCATALOG_COMPILER_APPICON_NAME = AppIcon;
				ASSETCATALOG_COMPILER_GLOBAL_ACCENT_COLOR_NAME = AccentColor;
				CODE_SIGN_STYLE = Automatic;
				CURRENT_PROJECT_VERSION = 1;
				DEVELOPMENT_ASSET_PATHS = "\"WSTraining/Preview Content\"";
				DEVELOPMENT_TEAM = L4DK782D9T;
				ENABLE_PREVIEWS = YES;
				GENERATE_INFOPLIST_FILE = YES;
				INFOPLIST_KEY_UIApplicationSceneManifest_Generation = YES;
				INFOPLIST_KEY_UIApplicationSupportsIndirectInputEvents = YES;
				INFOPLIST_KEY_UILaunchScreen_Generation = YES;
				INFOPLIST_KEY_UILaunchStoryboardName = LaunchScreen.storyboard;
				INFOPLIST_KEY_UISupportedInterfaceOrientations = UIInterfaceOrientationPortrait;
				IPHONEOS_DEPLOYMENT_TARGET = 14.0;
				LD_RUNPATH_SEARCH_PATHS = (
					"$(inherited)",
					"@executable_path/Frameworks",
				);
				MARKETING_VERSION = 1.0;
				PRODUCT_BUNDLE_IDENTIFIER = glebzzzik.WSTraining;
				PRODUCT_NAME = "$(TARGET_NAME)";
				SUPPORTED_PLATFORMS = "iphoneos iphonesimulator";
				SUPPORTS_MACCATALYST = NO;
				SUPPORTS_MAC_DESIGNED_FOR_IPHONE_IPAD = NO;
				SWIFT_EMIT_LOC_STRINGS = YES;
				SWIFT_VERSION = 5.0;
				TARGETED_DEVICE_FAMILY = 1;
			};
			name = Debug;
		};
		4147CE2129D4301C00FBF986 /* Release */ = {
			isa = XCBuildConfiguration;
			baseConfigurationReference = B0FE2077339B945DB3D16E0D /* Pods-WSTraining.release.xcconfig */;
			buildSettings = {
				ASSETCATALOG_COMPILER_APPICON_NAME = AppIcon;
				ASSETCATALOG_COMPILER_GLOBAL_ACCENT_COLOR_NAME = AccentColor;
				CODE_SIGN_STYLE = Automatic;
				CURRENT_PROJECT_VERSION = 1;
				DEVELOPMENT_ASSET_PATHS = "\"WSTraining/Preview Content\"";
				DEVELOPMENT_TEAM = L4DK782D9T;
				ENABLE_PREVIEWS = YES;
				GENERATE_INFOPLIST_FILE = YES;
				INFOPLIST_KEY_UIApplicationSceneManifest_Generation = YES;
				INFOPLIST_KEY_UIApplicationSupportsIndirectInputEvents = YES;
				INFOPLIST_KEY_UILaunchScreen_Generation = YES;
				INFOPLIST_KEY_UILaunchStoryboardName = LaunchScreen.storyboard;
				INFOPLIST_KEY_UISupportedInterfaceOrientations = UIInterfaceOrientationPortrait;
				IPHONEOS_DEPLOYMENT_TARGET = 14.0;
				LD_RUNPATH_SEARCH_PATHS = (
					"$(inherited)",
					"@executable_path/Frameworks",
				);
				MARKETING_VERSION = 1.0;
				PRODUCT_BUNDLE_IDENTIFIER = glebzzzik.WSTraining;
				PRODUCT_NAME = "$(TARGET_NAME)";
				SUPPORTED_PLATFORMS = "iphoneos iphonesimulator";
				SUPPORTS_MACCATALYST = NO;
				SUPPORTS_MAC_DESIGNED_FOR_IPHONE_IPAD = NO;
				SWIFT_EMIT_LOC_STRINGS = YES;
				SWIFT_VERSION = 5.0;
				TARGETED_DEVICE_FAMILY = 1;
			};
			name = Release;
		};
/* End XCBuildConfiguration section */

/* Begin XCConfigurationList section */
		4147CE0C29D4301B00FBF986 /* Build configuration list for PBXProject "WSTraining" */ = {
			isa = XCConfigurationList;
			buildConfigurations = (
				4147CE1D29D4301C00FBF986 /* Debug */,
				4147CE1E29D4301C00FBF986 /* Release */,
			);
			defaultConfigurationIsVisible = 0;
			defaultConfigurationName = Release;
		};
		4147CE1F29D4301C00FBF986 /* Build configuration list for PBXNativeTarget "WSTraining" */ = {
			isa = XCConfigurationList;
			buildConfigurations = (
				4147CE2029D4301C00FBF986 /* Debug */,
				4147CE2129D4301C00FBF986 /* Release */,
			);
			defaultConfigurationIsVisible = 0;
			defaultConfigurationName = Release;
		};
/* End XCConfigurationList section */

/* Begin XCRemoteSwiftPackageReference section */
		4114B36629E422CC0004BDE2 /* XCRemoteSwiftPackageReference "HalfModal" */ = {
			isa = XCRemoteSwiftPackageReference;
			repositoryURL = "https://github.com/ViktorMaric/HalfModal";
			requirement = {
				kind = upToNextMajorVersion;
				minimumVersion = 1.0.0;
			};
		};
		41DB01DA29DD6A4C0019E69D /* XCRemoteSwiftPackageReference "Alamofire" */ = {
			isa = XCRemoteSwiftPackageReference;
			repositoryURL = "https://github.com/Alamofire/Alamofire";
			requirement = {
				kind = upToNextMajorVersion;
				minimumVersion = 5.0.0;
			};
		};
		41DB01DD29DD6A5B0019E69D /* XCRemoteSwiftPackageReference "SwiftyJSON" */ = {
			isa = XCRemoteSwiftPackageReference;
			repositoryURL = "https://github.com/SwiftyJSON/SwiftyJSON";
			requirement = {
				kind = upToNextMajorVersion;
				minimumVersion = 5.0.0;
			};
		};
		41F73FC329E3F2FD002DC99C /* XCRemoteSwiftPackageReference "SDWebImageSwiftUI" */ = {
			isa = XCRemoteSwiftPackageReference;
			repositoryURL = "https://github.com/SDWebImage/SDWebImageSwiftUI";
			requirement = {
				kind = upToNextMajorVersion;
				minimumVersion = 2.0.0;
			};
		};
/* End XCRemoteSwiftPackageReference section */

/* Begin XCSwiftPackageProductDependency section */
		4114B36729E422CC0004BDE2 /* HalfModal */ = {
			isa = XCSwiftPackageProductDependency;
			package = 4114B36629E422CC0004BDE2 /* XCRemoteSwiftPackageReference "HalfModal" */;
			productName = HalfModal;
		};
		41DB01DB29DD6A4C0019E69D /* Alamofire */ = {
			isa = XCSwiftPackageProductDependency;
			package = 41DB01DA29DD6A4C0019E69D /* XCRemoteSwiftPackageReference "Alamofire" */;
			productName = Alamofire;
		};
		41DB01DE29DD6A5B0019E69D /* SwiftyJSON */ = {
			isa = XCSwiftPackageProductDependency;
			package = 41DB01DD29DD6A5B0019E69D /* XCRemoteSwiftPackageReference "SwiftyJSON" */;
			productName = SwiftyJSON;
		};
		41F73FC429E3F2FD002DC99C /* SDWebImageSwiftUI */ = {
			isa = XCSwiftPackageProductDependency;
			package = 41F73FC329E3F2FD002DC99C /* XCRemoteSwiftPackageReference "SDWebImageSwiftUI" */;
			productName = SDWebImageSwiftUI;
		};
/* End XCSwiftPackageProductDependency section */
	};
	rootObject = 4147CE0929D4301B00FBF986 /* Project object */;
}
